
Microsoft Visual Studio Solution File, Format Version 12.00
# Visual Studio 15
VisualStudioVersion = 15.0.27130.2027
MinimumVisualStudioVersion = 10.0.40219.1
Project("{FAE04EC0-301F-11D3-BF4B-00C04F79EFBC}") = "Match Full Name", "Match Full Name\Match Full Name.csproj", "{11C30513-5A0A-4B7B-BCD1-FAE2E1020C0A}"
EndProject
Project("{FAE04EC0-301F-11D3-BF4B-00C04F79EFBC}") = "Match Phone Number", "Match Phone Number\Match Phone Number.csproj", "{E2258B03-DF4E-4A46-999B-9BFAB1A07DAD}"
EndProject
Project("{FAE04EC0-301F-11D3-BF4B-00C04F79EFBC}") = "Match Hexadecimal Numbers", "Match Hexadecimal Numbers\Match Hexadecimal Numbers.csproj", "{045030A9-647F-4B0D-BEA8-6BD6C510D252}"
EndProject
Project("{FAE04EC0-301F-11D3-BF4B-00C04F79EFBC}") = "Match Dates", "Match Dates\Match Dates.csproj", "{C69347E6-8F54-4832-8F6F-2F116417EC4A}"
EndProject
Project("{FAE04EC0-301F-11D3-BF4B-00C04F79EFBC}") = "Extract Emails", "Extract Emails\Extract Emails.csproj", "{BF03EE9F-0B87-41AC-8F96-09FD9410A590}"
EndProject
Project("{FAE04EC0-301F-11D3-BF4B-00C04F79EFBC}") = "Extract Sentences by Keyword", "Extract Sentences by Keyword\Extract Sentences by Keyword.csproj", "{BFA3E3A3-573E-4699-9354-85763A3B193D}"
EndProject
Project("{FAE04EC0-301F-11D3-BF4B-00C04F79EFBC}") = "Camera View", "Camera View\Camera View.csproj", "{751717D0-C391-4AA6-82B0-A5A33DD53B9A}"
EndProject
Project("{FAE04EC0-301F-11D3-BF4B-00C04F79EFBC}") = "Weather", "Weather\Weather.csproj", "{E523AB3C-A3C5-481F-A465-D7BC6C57D217}"
EndProject
Project("{FAE04EC0-301F-11D3-BF4B-00C04F79EFBC}") = "Key Replacer", "Key Replacer\Key Replacer.csproj", "{32A5DE8F-0515-48D8-B5E9-7FA82F96D0B9}"
EndProject
Project("{FAE04EC0-301F-11D3-BF4B-00C04F79EFBC}") = "Valid Usernames", "Valid Usernames\Valid Usernames.csproj", "{D53B4C61-627F-4734-9E15-E7813536C2C3}"
EndProject
Project("{FAE04EC0-301F-11D3-BF4B-00C04F79EFBC}") = "Query Mess", "Query Mess\Query Mess.csproj", "{E62F124D-00A7-4AE6-8192-656810BBFE09}"
EndProject
Project("{FAE04EC0-301F-11D3-BF4B-00C04F79EFBC}") = "Use Your Chains, Buddy", "Use Your Chains, Buddy\Use Your Chains, Buddy.csproj", "{16EDABB4-691F-41AA-A348-0357F369C275}"
EndProject
Global
	GlobalSection(SolutionConfigurationPlatforms) = preSolution
		Debug|Any CPU = Debug|Any CPU
		Release|Any CPU = Release|Any CPU
	EndGlobalSection
	GlobalSection(ProjectConfigurationPlatforms) = postSolution
		{11C30513-5A0A-4B7B-BCD1-FAE2E1020C0A}.Debug|Any CPU.ActiveCfg = Debug|Any CPU
		{11C30513-5A0A-4B7B-BCD1-FAE2E1020C0A}.Debug|Any CPU.Build.0 = Debug|Any CPU
		{11C30513-5A0A-4B7B-BCD1-FAE2E1020C0A}.Release|Any CPU.ActiveCfg = Release|Any CPU
		{11C30513-5A0A-4B7B-BCD1-FAE2E1020C0A}.Release|Any CPU.Build.0 = Release|Any CPU
		{E2258B03-DF4E-4A46-999B-9BFAB1A07DAD}.Debug|Any CPU.ActiveCfg = Debug|Any CPU
		{E2258B03-DF4E-4A46-999B-9BFAB1A07DAD}.Debug|Any CPU.Build.0 = Debug|Any CPU
		{E2258B03-DF4E-4A46-999B-9BFAB1A07DAD}.Release|Any CPU.ActiveCfg = Release|Any CPU
		{E2258B03-DF4E-4A46-999B-9BFAB1A07DAD}.Release|Any CPU.Build.0 = Release|Any CPU
		{045030A9-647F-4B0D-BEA8-6BD6C510D252}.Debug|Any CPU.ActiveCfg = Debug|Any CPU
		{045030A9-647F-4B0D-BEA8-6BD6C510D252}.Debug|Any CPU.Build.0 = Debug|Any CPU
		{045030A9-647F-4B0D-BEA8-6BD6C510D252}.Release|Any CPU.ActiveCfg = Release|Any CPU
		{045030A9-647F-4B0D-BEA8-6BD6C510D252}.Release|Any CPU.Build.0 = Release|Any CPU
		{C69347E6-8F54-4832-8F6F-2F116417EC4A}.Debug|Any CPU.ActiveCfg = Debug|Any CPU
		{C69347E6-8F54-4832-8F6F-2F116417EC4A}.Debug|Any CPU.Build.0 = Debug|Any CPU
		{C69347E6-8F54-4832-8F6F-2F116417EC4A}.Release|Any CPU.ActiveCfg = Release|Any CPU
		{C69347E6-8F54-4832-8F6F-2F116417EC4A}.Release|Any CPU.Build.0 = Release|Any CPU
		{BF03EE9F-0B87-41AC-8F96-09FD9410A590}.Debug|Any CPU.ActiveCfg = Debug|Any CPU
		{BF03EE9F-0B87-41AC-8F96-09FD9410A590}.Debug|Any CPU.Build.0 = Debug|Any CPU
		{BF03EE9F-0B87-41AC-8F96-09FD9410A590}.Release|Any CPU.ActiveCfg = Release|Any CPU
		{BF03EE9F-0B87-41AC-8F96-09FD9410A590}.Release|Any CPU.Build.0 = Release|Any CPU
		{BFA3E3A3-573E-4699-9354-85763A3B193D}.Debug|Any CPU.ActiveCfg = Debug|Any CPU
		{BFA3E3A3-573E-4699-9354-85763A3B193D}.Debug|Any CPU.Build.0 = Debug|Any CPU
		{BFA3E3A3-573E-4699-9354-85763A3B193D}.Release|Any CPU.ActiveCfg = Release|Any CPU
		{BFA3E3A3-573E-4699-9354-85763A3B193D}.Release|Any CPU.Build.0 = Release|Any CPU
		{751717D0-C391-4AA6-82B0-A5A33DD53B9A}.Debug|Any CPU.ActiveCfg = Debug|Any CPU
		{751717D0-C391-4AA6-82B0-A5A33DD53B9A}.Debug|Any CPU.Build.0 = Debug|Any CPU
		{751717D0-C391-4AA6-82B0-A5A33DD53B9A}.Release|Any CPU.ActiveCfg = Release|Any CPU
		{751717D0-C391-4AA6-82B0-A5A33DD53B9A}.Release|Any CPU.Build.0 = Release|Any CPU
		{E523AB3C-A3C5-481F-A465-D7BC6C57D217}.Debug|Any CPU.ActiveCfg = Debug|Any CPU
		{E523AB3C-A3C5-481F-A465-D7BC6C57D217}.Debug|Any CPU.Build.0 = Debug|Any CPU
		{E523AB3C-A3C5-481F-A465-D7BC6C57D217}.Release|Any CPU.ActiveCfg = Release|Any CPU
		{E523AB3C-A3C5-481F-A465-D7BC6C57D217}.Release|Any CPU.Build.0 = Release|Any CPU
		{32A5DE8F-0515-48D8-B5E9-7FA82F96D0B9}.Debug|Any CPU.ActiveCfg = Debug|Any CPU
		{32A5DE8F-0515-48D8-B5E9-7FA82F96D0B9}.Debug|Any CPU.Build.0 = Debug|Any CPU
		{32A5DE8F-0515-48D8-B5E9-7FA82F96D0B9}.Release|Any CPU.ActiveCfg = Release|Any CPU
		{32A5DE8F-0515-48D8-B5E9-7FA82F96D0B9}.Release|Any CPU.Build.0 = Release|Any CPU
		{D53B4C61-627F-4734-9E15-E7813536C2C3}.Debug|Any CPU.ActiveCfg = Debug|Any CPU
		{D53B4C61-627F-4734-9E15-E7813536C2C3}.Debug|Any CPU.Build.0 = Debug|Any CPU
		{D53B4C61-627F-4734-9E15-E7813536C2C3}.Release|Any CPU.ActiveCfg = Release|Any CPU
		{D53B4C61-627F-4734-9E15-E7813536C2C3}.Release|Any CPU.Build.0 = Release|Any CPU
		{E62F124D-00A7-4AE6-8192-656810BBFE09}.Debug|Any CPU.ActiveCfg = Debug|Any CPU
		{E62F124D-00A7-4AE6-8192-656810BBFE09}.Debug|Any CPU.Build.0 = Debug|Any CPU
		{E62F124D-00A7-4AE6-8192-656810BBFE09}.Release|Any CPU.ActiveCfg = Release|Any CPU
		{E62F124D-00A7-4AE6-8192-656810BBFE09}.Release|Any CPU.Build.0 = Release|Any CPU
		{16EDABB4-691F-41AA-A348-0357F369C275}.Debug|Any CPU.ActiveCfg = Debug|Any CPU
		{16EDABB4-691F-41AA-A348-0357F369C275}.Debug|Any CPU.Build.0 = Debug|Any CPU
		{16EDABB4-691F-41AA-A348-0357F369C275}.Release|Any CPU.ActiveCfg = Release|Any CPU
		{16EDABB4-691F-41AA-A348-0357F369C275}.Release|Any CPU.Build.0 = Release|Any CPU
	EndGlobalSection
	GlobalSection(SolutionProperties) = preSolution
		HideSolutionNode = FALSE
	EndGlobalSection
	GlobalSection(ExtensibilityGlobals) = postSolution
		SolutionGuid = {4B042907-0F91-4589-B110-7A821949D9A9}
	EndGlobalSection
EndGlobal
