
Microsoft Visual Studio Solution File, Format Version 12.00
# Visual Studio 15
VisualStudioVersion = 15.0.27130.2027
MinimumVisualStudioVersion = 10.0.40219.1
Project("{FAE04EC0-301F-11D3-BF4B-00C04F79EFBC}") = "Trainers", "Trainers\Trainers.csproj", "{BE58510B-B039-4056-B639-6E7266B2933C}"
EndProject
Project("{FAE04EC0-301F-11D3-BF4B-00C04F79EFBC}") = "Entertrain", "Entertrain\Entertrain.csproj", "{6BD98051-EB58-4162-B9A2-4BB3D3F144DE}"
EndProject
Global
	GlobalSection(SolutionConfigurationPlatforms) = preSolution
		Debug|Any CPU = Debug|Any CPU
		Release|Any CPU = Release|Any CPU
	EndGlobalSection
	GlobalSection(ProjectConfigurationPlatforms) = postSolution
		{BE58510B-B039-4056-B639-6E7266B2933C}.Debug|Any CPU.ActiveCfg = Debug|Any CPU
		{BE58510B-B039-4056-B639-6E7266B2933C}.Debug|Any CPU.Build.0 = Debug|Any CPU
		{BE58510B-B039-4056-B639-6E7266B2933C}.Release|Any CPU.ActiveCfg = Release|Any CPU
		{BE58510B-B039-4056-B639-6E7266B2933C}.Release|Any CPU.Build.0 = Release|Any CPU
		{6BD98051-EB58-4162-B9A2-4BB3D3F144DE}.Debug|Any CPU.ActiveCfg = Debug|Any CPU
		{6BD98051-EB58-4162-B9A2-4BB3D3F144DE}.Debug|Any CPU.Build.0 = Debug|Any CPU
		{6BD98051-EB58-4162-B9A2-4BB3D3F144DE}.Release|Any CPU.ActiveCfg = Release|Any CPU
		{6BD98051-EB58-4162-B9A2-4BB3D3F144DE}.Release|Any CPU.Build.0 = Release|Any CPU
	EndGlobalSection
	GlobalSection(SolutionProperties) = preSolution
		HideSolutionNode = FALSE
	EndGlobalSection
	GlobalSection(ExtensibilityGlobals) = postSolution
		SolutionGuid = {AD631FD2-118F-40DD-A5B0-1698909749F5}
	EndGlobalSection
EndGlobal
