
Microsoft Visual Studio Solution File, Format Version 12.00
# Visual Studio 15
VisualStudioVersion = 15.0.27130.2027
MinimumVisualStudioVersion = 10.0.40219.1
Project("{FAE04EC0-301F-11D3-BF4B-00C04F79EFBC}") = "Resurrection", "Resurrection\Resurrection.csproj", "{D30DF2C8-4F19-4502-A42D-064D6D5C534D}"
EndProject
Project("{FAE04EC0-301F-11D3-BF4B-00C04F79EFBC}") = "Icarus", "Icarus\Icarus.csproj", "{38861E71-593A-4D40-8554-0A82DB69EC5D}"
EndProject
Project("{FAE04EC0-301F-11D3-BF4B-00C04F79EFBC}") = "Phoenix Grid", "Phoenix Grid\Phoenix Grid.csproj", "{924DD0D6-5020-4E9A-9418-7315EC4DD54E}"
EndProject
Project("{FAE04EC0-301F-11D3-BF4B-00C04F79EFBC}") = "Phoenix Oscar Romeo November", "Phoenix Oscar Romeo November\Phoenix Oscar Romeo November.csproj", "{67A0CFEE-7D8A-4593-B661-4FEB2EE01161}"
EndProject
Global
	GlobalSection(SolutionConfigurationPlatforms) = preSolution
		Debug|Any CPU = Debug|Any CPU
		Release|Any CPU = Release|Any CPU
	EndGlobalSection
	GlobalSection(ProjectConfigurationPlatforms) = postSolution
		{D30DF2C8-4F19-4502-A42D-064D6D5C534D}.Debug|Any CPU.ActiveCfg = Debug|Any CPU
		{D30DF2C8-4F19-4502-A42D-064D6D5C534D}.Debug|Any CPU.Build.0 = Debug|Any CPU
		{D30DF2C8-4F19-4502-A42D-064D6D5C534D}.Release|Any CPU.ActiveCfg = Release|Any CPU
		{D30DF2C8-4F19-4502-A42D-064D6D5C534D}.Release|Any CPU.Build.0 = Release|Any CPU
		{38861E71-593A-4D40-8554-0A82DB69EC5D}.Debug|Any CPU.ActiveCfg = Debug|Any CPU
		{38861E71-593A-4D40-8554-0A82DB69EC5D}.Debug|Any CPU.Build.0 = Debug|Any CPU
		{38861E71-593A-4D40-8554-0A82DB69EC5D}.Release|Any CPU.ActiveCfg = Release|Any CPU
		{38861E71-593A-4D40-8554-0A82DB69EC5D}.Release|Any CPU.Build.0 = Release|Any CPU
		{924DD0D6-5020-4E9A-9418-7315EC4DD54E}.Debug|Any CPU.ActiveCfg = Debug|Any CPU
		{924DD0D6-5020-4E9A-9418-7315EC4DD54E}.Debug|Any CPU.Build.0 = Debug|Any CPU
		{924DD0D6-5020-4E9A-9418-7315EC4DD54E}.Release|Any CPU.ActiveCfg = Release|Any CPU
		{924DD0D6-5020-4E9A-9418-7315EC4DD54E}.Release|Any CPU.Build.0 = Release|Any CPU
		{67A0CFEE-7D8A-4593-B661-4FEB2EE01161}.Debug|Any CPU.ActiveCfg = Debug|Any CPU
		{67A0CFEE-7D8A-4593-B661-4FEB2EE01161}.Debug|Any CPU.Build.0 = Debug|Any CPU
		{67A0CFEE-7D8A-4593-B661-4FEB2EE01161}.Release|Any CPU.ActiveCfg = Release|Any CPU
		{67A0CFEE-7D8A-4593-B661-4FEB2EE01161}.Release|Any CPU.Build.0 = Release|Any CPU
	EndGlobalSection
	GlobalSection(SolutionProperties) = preSolution
		HideSolutionNode = FALSE
	EndGlobalSection
	GlobalSection(ExtensibilityGlobals) = postSolution
		SolutionGuid = {02C2EE0C-FFE1-447F-AC47-645013E5265E}
	EndGlobalSection
EndGlobal
