
Microsoft Visual Studio Solution File, Format Version 12.00
# Visual Studio 15
VisualStudioVersion = 15.0.27130.2027
MinimumVisualStudioVersion = 10.0.40219.1
Project("{FAE04EC0-301F-11D3-BF4B-00C04F79EFBC}") = "Trainegram", "Trainegram\Trainegram.csproj", "{9C9210B4-10B5-45B8-A017-A498D3E40FAC}"
EndProject
Project("{FAE04EC0-301F-11D3-BF4B-00C04F79EFBC}") = "Anonymous Vox", "Anonymous Vox\Anonymous Vox.csproj", "{55244072-16EB-40BA-944B-C84C19B18008}"
EndProject
Project("{FAE04EC0-301F-11D3-BF4B-00C04F79EFBC}") = "Hornet Comm", "Hornet Comm\Hornet Comm.csproj", "{9D21835E-13DD-4D20-908D-48292DA2ADC7}"
EndProject
Project("{FAE04EC0-301F-11D3-BF4B-00C04F79EFBC}") = "Star Enigma", "Star Enigma\Star Enigma.csproj", "{61122BBE-0EB0-4AEA-821E-02663A32C453}"
EndProject
Global
	GlobalSection(SolutionConfigurationPlatforms) = preSolution
		Debug|Any CPU = Debug|Any CPU
		Release|Any CPU = Release|Any CPU
	EndGlobalSection
	GlobalSection(ProjectConfigurationPlatforms) = postSolution
		{9C9210B4-10B5-45B8-A017-A498D3E40FAC}.Debug|Any CPU.ActiveCfg = Debug|Any CPU
		{9C9210B4-10B5-45B8-A017-A498D3E40FAC}.Debug|Any CPU.Build.0 = Debug|Any CPU
		{9C9210B4-10B5-45B8-A017-A498D3E40FAC}.Release|Any CPU.ActiveCfg = Release|Any CPU
		{9C9210B4-10B5-45B8-A017-A498D3E40FAC}.Release|Any CPU.Build.0 = Release|Any CPU
		{55244072-16EB-40BA-944B-C84C19B18008}.Debug|Any CPU.ActiveCfg = Debug|Any CPU
		{55244072-16EB-40BA-944B-C84C19B18008}.Debug|Any CPU.Build.0 = Debug|Any CPU
		{55244072-16EB-40BA-944B-C84C19B18008}.Release|Any CPU.ActiveCfg = Release|Any CPU
		{55244072-16EB-40BA-944B-C84C19B18008}.Release|Any CPU.Build.0 = Release|Any CPU
		{9D21835E-13DD-4D20-908D-48292DA2ADC7}.Debug|Any CPU.ActiveCfg = Debug|Any CPU
		{9D21835E-13DD-4D20-908D-48292DA2ADC7}.Debug|Any CPU.Build.0 = Debug|Any CPU
		{9D21835E-13DD-4D20-908D-48292DA2ADC7}.Release|Any CPU.ActiveCfg = Release|Any CPU
		{9D21835E-13DD-4D20-908D-48292DA2ADC7}.Release|Any CPU.Build.0 = Release|Any CPU
		{61122BBE-0EB0-4AEA-821E-02663A32C453}.Debug|Any CPU.ActiveCfg = Debug|Any CPU
		{61122BBE-0EB0-4AEA-821E-02663A32C453}.Debug|Any CPU.Build.0 = Debug|Any CPU
		{61122BBE-0EB0-4AEA-821E-02663A32C453}.Release|Any CPU.ActiveCfg = Release|Any CPU
		{61122BBE-0EB0-4AEA-821E-02663A32C453}.Release|Any CPU.Build.0 = Release|Any CPU
	EndGlobalSection
	GlobalSection(SolutionProperties) = preSolution
		HideSolutionNode = FALSE
	EndGlobalSection
	GlobalSection(ExtensibilityGlobals) = postSolution
		SolutionGuid = {CB24B596-93AD-4ACD-BD8C-FF40A15BA3FA}
	EndGlobalSection
EndGlobal
