
Microsoft Visual Studio Solution File, Format Version 12.00
# Visual Studio 15
VisualStudioVersion = 15.0.27130.2027
MinimumVisualStudioVersion = 10.0.40219.1
Project("{FAE04EC0-301F-11D3-BF4B-00C04F79EFBC}") = "Anonymous Threat", "Anonymous Threat.csproj", "{FFCB1145-6412-44B4-A203-ABCAF0D0EBDC}"
EndProject
Project("{FAE04EC0-301F-11D3-BF4B-00C04F79EFBC}") = "Icarus", "..\Icarus\Icarus.csproj", "{57A45E28-1576-436E-B4CC-E2BDE119D742}"
EndProject
Project("{FAE04EC0-301F-11D3-BF4B-00C04F79EFBC}") = "Pokemon Don't Go", "Pokemon Don't Go\Pokemon Don't Go.csproj", "{F89024F2-138C-47ED-86E8-2A63C5761B04}"
EndProject
Project("{FAE04EC0-301F-11D3-BF4B-00C04F79EFBC}") = "Hornet Assault", "Hornet Assault\Hornet Assault.csproj", "{EEF504D4-B8C7-42EA-BEFD-159D7F14B34F}"
EndProject
Project("{FAE04EC0-301F-11D3-BF4B-00C04F79EFBC}") = "Kamino Factory", "Kamino Factory\Kamino Factory.csproj", "{872493E5-BA7D-4E82-AB3C-A64EBC81926A}"
EndProject
Global
	GlobalSection(SolutionConfigurationPlatforms) = preSolution
		Debug|Any CPU = Debug|Any CPU
		Release|Any CPU = Release|Any CPU
	EndGlobalSection
	GlobalSection(ProjectConfigurationPlatforms) = postSolution
		{FFCB1145-6412-44B4-A203-ABCAF0D0EBDC}.Debug|Any CPU.ActiveCfg = Debug|Any CPU
		{FFCB1145-6412-44B4-A203-ABCAF0D0EBDC}.Debug|Any CPU.Build.0 = Debug|Any CPU
		{FFCB1145-6412-44B4-A203-ABCAF0D0EBDC}.Release|Any CPU.ActiveCfg = Release|Any CPU
		{FFCB1145-6412-44B4-A203-ABCAF0D0EBDC}.Release|Any CPU.Build.0 = Release|Any CPU
		{57A45E28-1576-436E-B4CC-E2BDE119D742}.Debug|Any CPU.ActiveCfg = Debug|Any CPU
		{57A45E28-1576-436E-B4CC-E2BDE119D742}.Debug|Any CPU.Build.0 = Debug|Any CPU
		{57A45E28-1576-436E-B4CC-E2BDE119D742}.Release|Any CPU.ActiveCfg = Release|Any CPU
		{57A45E28-1576-436E-B4CC-E2BDE119D742}.Release|Any CPU.Build.0 = Release|Any CPU
		{F89024F2-138C-47ED-86E8-2A63C5761B04}.Debug|Any CPU.ActiveCfg = Debug|Any CPU
		{F89024F2-138C-47ED-86E8-2A63C5761B04}.Debug|Any CPU.Build.0 = Debug|Any CPU
		{F89024F2-138C-47ED-86E8-2A63C5761B04}.Release|Any CPU.ActiveCfg = Release|Any CPU
		{F89024F2-138C-47ED-86E8-2A63C5761B04}.Release|Any CPU.Build.0 = Release|Any CPU
		{EEF504D4-B8C7-42EA-BEFD-159D7F14B34F}.Debug|Any CPU.ActiveCfg = Debug|Any CPU
		{EEF504D4-B8C7-42EA-BEFD-159D7F14B34F}.Debug|Any CPU.Build.0 = Debug|Any CPU
		{EEF504D4-B8C7-42EA-BEFD-159D7F14B34F}.Release|Any CPU.ActiveCfg = Release|Any CPU
		{EEF504D4-B8C7-42EA-BEFD-159D7F14B34F}.Release|Any CPU.Build.0 = Release|Any CPU
		{872493E5-BA7D-4E82-AB3C-A64EBC81926A}.Debug|Any CPU.ActiveCfg = Debug|Any CPU
		{872493E5-BA7D-4E82-AB3C-A64EBC81926A}.Debug|Any CPU.Build.0 = Debug|Any CPU
		{872493E5-BA7D-4E82-AB3C-A64EBC81926A}.Release|Any CPU.ActiveCfg = Release|Any CPU
		{872493E5-BA7D-4E82-AB3C-A64EBC81926A}.Release|Any CPU.Build.0 = Release|Any CPU
	EndGlobalSection
	GlobalSection(SolutionProperties) = preSolution
		HideSolutionNode = FALSE
	EndGlobalSection
	GlobalSection(ExtensibilityGlobals) = postSolution
		SolutionGuid = {EEC85D52-0933-4B01-8F87-F35C4E54CF2B}
	EndGlobalSection
EndGlobal
